
Microsoft Visual Studio Solution File, Format Version 12.00
# Visual Studio Version 16
VisualStudioVersion = 16.0.30114.105
MinimumVisualStudioVersion = 10.0.40219.1
Project("{FAE04EC0-301F-11D3-BF4B-00C04F79EFBC}") = "GradingProblem-HackerRank", "ConsoleApp2\GradingProblem-HackerRank.csproj", "{81BE43E4-2749-498F-80AB-B340BCA085D6}"
EndProject
Project("{FAE04EC0-301F-11D3-BF4B-00C04F79EFBC}") = "AppleAndOrangeProblem-HackerRank", "AppleAndOrangeProblem-HackerRank\AppleAndOrangeProblem-HackerRank.csproj", "{C34DAB06-9016-449A-BB16-F14046456F91}"
EndProject
Global
	GlobalSection(SolutionConfigurationPlatforms) = preSolution
		Debug|Any CPU = Debug|Any CPU
		Release|Any CPU = Release|Any CPU
	EndGlobalSection
	GlobalSection(ProjectConfigurationPlatforms) = postSolution
		{81BE43E4-2749-498F-80AB-B340BCA085D6}.Debug|Any CPU.ActiveCfg = Debug|Any CPU
		{81BE43E4-2749-498F-80AB-B340BCA085D6}.Debug|Any CPU.Build.0 = Debug|Any CPU
		{81BE43E4-2749-498F-80AB-B340BCA085D6}.Release|Any CPU.ActiveCfg = Release|Any CPU
		{81BE43E4-2749-498F-80AB-B340BCA085D6}.Release|Any CPU.Build.0 = Release|Any CPU
		{C34DAB06-9016-449A-BB16-F14046456F91}.Debug|Any CPU.ActiveCfg = Debug|Any CPU
		{C34DAB06-9016-449A-BB16-F14046456F91}.Debug|Any CPU.Build.0 = Debug|Any CPU
		{C34DAB06-9016-449A-BB16-F14046456F91}.Release|Any CPU.ActiveCfg = Release|Any CPU
		{C34DAB06-9016-449A-BB16-F14046456F91}.Release|Any CPU.Build.0 = Release|Any CPU
	EndGlobalSection
	GlobalSection(SolutionProperties) = preSolution
		HideSolutionNode = FALSE
	EndGlobalSection
	GlobalSection(ExtensibilityGlobals) = postSolution
		SolutionGuid = {FB6B2B9D-8626-4145-AF56-6D84E41827DE}
	EndGlobalSection
EndGlobal
